// !$*UTF8*$!
{
	archiveVersion = 1;
	classes = {
	};
	objectVersion = 46;
	objects = {

/* Begin PBXBuildFile section */
		1D8B570D1D08606F00615DE0 /* main.m in Sources */ = {isa = PBXBuildFile; fileRef = 1D8B570C1D08606F00615DE0 /* main.m */; };
		1D8B57101D08606F00615DE0 /* AppDelegate.m in Sources */ = {isa = PBXBuildFile; fileRef = 1D8B570F1D08606F00615DE0 /* AppDelegate.m */; };
		1D8B57131D08606F00615DE0 /* ViewController.m in Sources */ = {isa = PBXBuildFile; fileRef = 1D8B57121D08606F00615DE0 /* ViewController.m */; };
		1D8B57161D08606F00615DE0 /* Main.storyboard in Resources */ = {isa = PBXBuildFile; fileRef = 1D8B57141D08606F00615DE0 /* Main.storyboard */; };
		1D8B57181D08606F00615DE0 /* Assets.xcassets in Resources */ = {isa = PBXBuildFile; fileRef = 1D8B57171D08606F00615DE0 /* Assets.xcassets */; };
		1D8B571B1D08606F00615DE0 /* LaunchScreen.storyboard in Resources */ = {isa = PBXBuildFile; fileRef = 1D8B57191D08606F00615DE0 /* LaunchScreen.storyboard */; };
		1DA3F7441D0AB1BC00601732 /* ViewToTest.m in Sources */ = {isa = PBXBuildFile; fileRef = 1DA3F7431D0AB1BC00601732 /* ViewToTest.m */; };
/* End PBXBuildFile section */

/* Begin PBXFileReference section */
		1D263EB11D098E8900D1D478 /* LICENSE */ = {isa = PBXFileReference; lastKnownFileType = text; path = LICENSE; sourceTree = SOURCE_ROOT; };
		1D263EB21D098E8900D1D478 /* README.md */ = {isa = PBXFileReference; lastKnownFileType = net.daringfireball.markdown; path = README.md; sourceTree = SOURCE_ROOT; };
		1D8B57081D08606F00615DE0 /* ViewDev.app */ = {isa = PBXFileReference; explicitFileType = wrapper.application; includeInIndex = 0; path = ViewDev.app; sourceTree = BUILT_PRODUCTS_DIR; };
		1D8B570C1D08606F00615DE0 /* main.m */ = {isa = PBXFileReference; lastKnownFileType = sourcecode.c.objc; path = main.m; sourceTree = "<group>"; };
		1D8B570E1D08606F00615DE0 /* AppDelegate.h */ = {isa = PBXFileReference; lastKnownFileType = sourcecode.c.h; path = AppDelegate.h; sourceTree = "<group>"; };
		1D8B570F1D08606F00615DE0 /* AppDelegate.m */ = {isa = PBXFileReference; lastKnownFileType = sourcecode.c.objc; path = AppDelegate.m; sourceTree = "<group>"; };
		1D8B57111D08606F00615DE0 /* ViewController.h */ = {isa = PBXFileReference; lastKnownFileType = sourcecode.c.h; path = ViewController.h; sourceTree = "<group>"; };
		1D8B57121D08606F00615DE0 /* ViewController.m */ = {isa = PBXFileReference; lastKnownFileType = sourcecode.c.objc; path = ViewController.m; sourceTree = "<group>"; };
		1D8B57151D08606F00615DE0 /* Base */ = {isa = PBXFileReference; lastKnownFileType = file.storyboard; name = Base; path = Base.lproj/Main.storyboard; sourceTree = "<group>"; };
		1D8B57171D08606F00615DE0 /* Assets.xcassets */ = {isa = PBXFileReference; lastKnownFileType = folder.assetcatalog; path = Assets.xcassets; sourceTree = "<group>"; };
		1D8B571A1D08606F00615DE0 /* Base */ = {isa = PBXFileReference; lastKnownFileType = file.storyboard; name = Base; path = Base.lproj/LaunchScreen.storyboard; sourceTree = "<group>"; };
		1D8B571C1D08606F00615DE0 /* Info.plist */ = {isa = PBXFileReference; lastKnownFileType = text.plist.xml; path = Info.plist; sourceTree = "<group>"; };
		1DA3F7421D0AB1BC00601732 /* ViewToTest.h */ = {isa = PBXFileReference; fileEncoding = 4; lastKnownFileType = sourcecode.c.h; path = ViewToTest.h; sourceTree = "<group>"; };
		1DA3F7431D0AB1BC00601732 /* ViewToTest.m */ = {isa = PBXFileReference; fileEncoding = 4; lastKnownFileType = sourcecode.c.objc; path = ViewToTest.m; sourceTree = "<group>"; };
/* End PBXFileReference section */

/* Begin PBXFrameworksBuildPhase section */
		1D8B57051D08606F00615DE0 /* Frameworks */ = {
			isa = PBXFrameworksBuildPhase;
			buildActionMask = 2147483647;
			files = (
			);
			runOnlyForDeploymentPostprocessing = 0;
		};
/* End PBXFrameworksBuildPhase section */

/* Begin PBXGroup section */
		1D263EB01D098E7600D1D478 /* Readme and License */ = {
			isa = PBXGroup;
			children = (
				1D263EB11D098E8900D1D478 /* LICENSE */,
				1D263EB21D098E8900D1D478 /* README.md */,
			);
			name = "Readme and License";
			sourceTree = "<group>";
		};
		1D744E1B1D0974480075DD37 /* ViewsToTest */ = {
			isa = PBXGroup;
			children = (
				1DA3F7421D0AB1BC00601732 /* ViewToTest.h */,
				1DA3F7431D0AB1BC00601732 /* ViewToTest.m */,
			);
			path = ViewsToTest;
			sourceTree = "<group>";
		};
		1D8B56FF1D08606F00615DE0 = {
			isa = PBXGroup;
			children = (
				1D8B570A1D08606F00615DE0 /* ViewDev */,
				1D8B57091D08606F00615DE0 /* Products */,
			);
			sourceTree = "<group>";
		};
		1D8B57091D08606F00615DE0 /* Products */ = {
			isa = PBXGroup;
			children = (
				1D8B57081D08606F00615DE0 /* ViewDev.app */,
			);
			name = Products;
			sourceTree = "<group>";
		};
		1D8B570A1D08606F00615DE0 /* ViewDev */ = {
			isa = PBXGroup;
			children = (
				1D263EB01D098E7600D1D478 /* Readme and License */,
				1D744E1B1D0974480075DD37 /* ViewsToTest */,
				1D8B570E1D08606F00615DE0 /* AppDelegate.h */,
				1D8B570F1D08606F00615DE0 /* AppDelegate.m */,
				1D8B57111D08606F00615DE0 /* ViewController.h */,
				1D8B57121D08606F00615DE0 /* ViewController.m */,
				1D8B57141D08606F00615DE0 /* Main.storyboard */,
				1D8B57171D08606F00615DE0 /* Assets.xcassets */,
				1D8B57191D08606F00615DE0 /* LaunchScreen.storyboard */,
				1D8B571C1D08606F00615DE0 /* Info.plist */,
				1D8B570B1D08606F00615DE0 /* Supporting Files */,
			);
			path = ViewDev;
			sourceTree = "<group>";
		};
		1D8B570B1D08606F00615DE0 /* Supporting Files */ = {
			isa = PBXGroup;
			children = (
				1D8B570C1D08606F00615DE0 /* main.m */,
			);
			name = "Supporting Files";
			sourceTree = "<group>";
		};
/* End PBXGroup section */

/* Begin PBXNativeTarget section */
		1D8B57071D08606F00615DE0 /* ViewDev */ = {
			isa = PBXNativeTarget;
			buildConfigurationList = 1D8B571F1D08606F00615DE0 /* Build configuration list for PBXNativeTarget "ViewDev" */;
			buildPhases = (
				1D8B57041D08606F00615DE0 /* Sources */,
				1D8B57051D08606F00615DE0 /* Frameworks */,
				1D8B57061D08606F00615DE0 /* Resources */,
			);
			buildRules = (
			);
			dependencies = (
			);
			name = ViewDev;
			productName = ViewDev;
			productReference = 1D8B57081D08606F00615DE0 /* ViewDev.app */;
			productType = "com.apple.product-type.application";
		};
/* End PBXNativeTarget section */

/* Begin PBXProject section */
		1D8B57001D08606F00615DE0 /* Project object */ = {
			isa = PBXProject;
			attributes = {
				LastUpgradeCheck = 0730;
				ORGANIZATIONNAME = "Trusted Shops GmbH";
				TargetAttributes = {
					1D8B57071D08606F00615DE0 = {
						CreatedOnToolsVersion = 7.3.1;
					};
				};
			};
			buildConfigurationList = 1D8B57031D08606F00615DE0 /* Build configuration list for PBXProject "ViewDev" */;
			compatibilityVersion = "Xcode 3.2";
			developmentRegion = English;
			hasScannedForEncodings = 0;
			knownRegions = (
				en,
				Base,
			);
			mainGroup = 1D8B56FF1D08606F00615DE0;
			productRefGroup = 1D8B57091D08606F00615DE0 /* Products */;
			projectDirPath = "";
			projectRoot = "";
			targets = (
				1D8B57071D08606F00615DE0 /* ViewDev */,
			);
		};
/* End PBXProject section */

/* Begin PBXResourcesBuildPhase section */
		1D8B57061D08606F00615DE0 /* Resources */ = {
			isa = PBXResourcesBuildPhase;
			buildActionMask = 2147483647;
			files = (
				1D8B571B1D08606F00615DE0 /* LaunchScreen.storyboard in Resources */,
				1D8B57181D08606F00615DE0 /* Assets.xcassets in Resources */,
				1D8B57161D08606F00615DE0 /* Main.storyboard in Resources */,
			);
			runOnlyForDeploymentPostprocessing = 0;
		};
/* End PBXResourcesBuildPhase section */

/* Begin PBXSourcesBuildPhase section */
		1D8B57041D08606F00615DE0 /* Sources */ = {
			isa = PBXSourcesBuildPhase;
			buildActionMask = 2147483647;
			files = (
				1D8B57131D08606F00615DE0 /* ViewController.m in Sources */,
				1DA3F7441D0AB1BC00601732 /* ViewToTest.m in Sources */,
				1D8B57101D08606F00615DE0 /* AppDelegate.m in Sources */,
				1D8B570D1D08606F00615DE0 /* main.m in Sources */,
			);
			runOnlyForDeploymentPostprocessing = 0;
		};
/* End PBXSourcesBuildPhase section */

/* Begin PBXVariantGroup section */
		1D8B57141D08606F00615DE0 /* Main.storyboard */ = {
			isa = PBXVariantGroup;
			children = (
				1D8B57151D08606F00615DE0 /* Base */,
			);
			name = Main.storyboard;
			sourceTree = "<group>";
		};
		1D8B57191D08606F00615DE0 /* LaunchScreen.storyboard */ = {
			isa = PBXVariantGroup;
			children = (
				1D8B571A1D08606F00615DE0 /* Base */,
			);
			name = LaunchScreen.storyboard;
			sourceTree = "<group>";
		};
/* End PBXVariantGroup section */

/* Begin XCBuildConfiguration section */
		1D8B571D1D08606F00615DE0 /* Debug */ = {
			isa = XCBuildConfiguration;
			buildSettings = {
				ALWAYS_SEARCH_USER_PATHS = NO;
				CLANG_ANALYZER_NONNULL = YES;
				CLANG_CXX_LANGUAGE_STANDARD = "gnu++0x";
				CLANG_CXX_LIBRARY = "libc++";
				CLANG_ENABLE_MODULES = YES;
				CLANG_ENABLE_OBJC_ARC = YES;
				CLANG_WARN_BOOL_CONVERSION = YES;
				CLANG_WARN_CONSTANT_CONVERSION = YES;
				CLANG_WARN_DIRECT_OBJC_ISA_USAGE = YES_ERROR;
				CLANG_WARN_EMPTY_BODY = YES;
				CLANG_WARN_ENUM_CONVERSION = YES;
				CLANG_WARN_INT_CONVERSION = YES;
				CLANG_WARN_OBJC_ROOT_CLASS = YES_ERROR;
				CLANG_WARN_UNREACHABLE_CODE = YES;
				CLANG_WARN__DUPLICATE_METHOD_MATCH = YES;
				"CODE_SIGN_IDENTITY[sdk=iphoneos*]" = "iPhone Developer";
				COPY_PHASE_STRIP = NO;
				DEBUG_INFORMATION_FORMAT = dwarf;
				ENABLE_STRICT_OBJC_MSGSEND = YES;
				ENABLE_TESTABILITY = YES;
				GCC_C_LANGUAGE_STANDARD = gnu99;
				GCC_DYNAMIC_NO_PIC = NO;
				GCC_NO_COMMON_BLOCKS = YES;
				GCC_OPTIMIZATION_LEVEL = 0;
				GCC_PREPROCESSOR_DEFINITIONS = (
					"DEBUG=1",
					"$(inherited)",
				);
				GCC_WARN_64_TO_32_BIT_CONVERSION = YES;
				GCC_WARN_ABOUT_RETURN_TYPE = YES_ERROR;
				GCC_WARN_UNDECLARED_SELECTOR = YES;
				GCC_WARN_UNINITIALIZED_AUTOS = YES_AGGRESSIVE;
				GCC_WARN_UNUSED_FUNCTION = YES;
				GCC_WARN_UNUSED_VARIABLE = YES;
				IPHONEOS_DEPLOYMENT_TARGET = 9.3;
				MTL_ENABLE_DEBUG_INFO = YES;
				ONLY_ACTIVE_ARCH = YES;
				SDKROOT = iphoneos;
				TARGETED_DEVICE_FAMILY = "1,2";
			};
			name = Debug;
		};
		1D8B571E1D08606F00615DE0 /* Release */ = {
			isa = XCBuildConfiguration;
			buildSettings = {
				ALWAYS_SEARCH_USER_PATHS = NO;
				CLANG_ANALYZER_NONNULL = YES;
				CLANG_CXX_LANGUAGE_STANDARD = "gnu++0x";
				CLANG_CXX_LIBRARY = "libc++";
				CLANG_ENABLE_MODULES = YES;
				CLANG_ENABLE_OBJC_ARC = YES;
				CLANG_WARN_BOOL_CONVERSION = YES;
				CLANG_WARN_CONSTANT_CONVERSION = YES;
				CLANG_WARN_DIRECT_OBJC_ISA_USAGE = YES_ERROR;
				CLANG_WARN_EMPTY_BODY = YES;
				CLANG_WARN_ENUM_CONVERSION = YES;
				CLANG_WARN_INT_CONVERSION = YES;
				CLANG_WARN_OBJC_ROOT_CLASS = YES_ERROR;
				CLANG_WARN_UNREACHABLE_CODE = YES;
				CLANG_WARN__DUPLICATE_METHOD_MATCH = YES;
				"CODE_SIGN_IDENTITY[sdk=iphoneos*]" = "iPhone Developer";
				COPY_PHASE_STRIP = NO;
				DEBUG_INFORMATION_FORMAT = "dwarf-with-dsym";
				ENABLE_NS_ASSERTIONS = NO;
				ENABLE_STRICT_OBJC_MSGSEND = YES;
				GCC_C_LANGUAGE_STANDARD = gnu99;
				GCC_NO_COMMON_BLOCKS = YES;
				GCC_WARN_64_TO_32_BIT_CONVERSION = YES;
				GCC_WARN_ABOUT_RETURN_TYPE = YES_ERROR;
				GCC_WARN_UNDECLARED_SELECTOR = YES;
				GCC_WARN_UNINITIALIZED_AUTOS = YES_AGGRESSIVE;
				GCC_WARN_UNUSED_FUNCTION = YES;
				GCC_WARN_UNUSED_VARIABLE = YES;
				IPHONEOS_DEPLOYMENT_TARGET = 9.3;
				MTL_ENABLE_DEBUG_INFO = NO;
				SDKROOT = iphoneos;
				TARGETED_DEVICE_FAMILY = "1,2";
				VALIDATE_PRODUCT = YES;
			};
			name = Release;
		};
		1D8B57201D08606F00615DE0 /* Debug */ = {
			isa = XCBuildConfiguration;
			buildSettings = {
				ASSETCATALOG_COMPILER_APPICON_NAME = AppIcon;
				INFOPLIST_FILE = ViewDev/Info.plist;
				LD_RUNPATH_SEARCH_PATHS = "$(inherited) @executable_path/Frameworks";
				PRODUCT_BUNDLE_IDENTIFIER = de.trustedshops.ViewDev;
				PRODUCT_NAME = "$(TARGET_NAME)";
			};
			name = Debug;
		};
		1D8B57211D08606F00615DE0 /* Release */ = {
			isa = XCBuildConfiguration;
			buildSettings = {
				ASSETCATALOG_COMPILER_APPICON_NAME = AppIcon;
				INFOPLIST_FILE = ViewDev/Info.plist;
				LD_RUNPATH_SEARCH_PATHS = "$(inherited) @executable_path/Frameworks";
				PRODUCT_BUNDLE_IDENTIFIER = de.trustedshops.ViewDev;
				PRODUCT_NAME = "$(TARGET_NAME)";
			};
			name = Release;
		};
/* End XCBuildConfiguration section */

/* Begin XCConfigurationList section */
		1D8B57031D08606F00615DE0 /* Build configuration list for PBXProject "ViewDev" */ = {
			isa = XCConfigurationList;
			buildConfigurations = (
				1D8B571D1D08606F00615DE0 /* Debug */,
				1D8B571E1D08606F00615DE0 /* Release */,
			);
			defaultConfigurationIsVisible = 0;
			defaultConfigurationName = Release;
		};
		1D8B571F1D08606F00615DE0 /* Build configuration list for PBXNativeTarget "ViewDev" */ = {
			isa = XCConfigurationList;
			buildConfigurations = (
				1D8B57201D08606F00615DE0 /* Debug */,
				1D8B57211D08606F00615DE0 /* Release */,
			);
			defaultConfigurationIsVisible = 0;
			defaultConfigurationName = Release;
		};
/* End XCConfigurationList section */
	};
	rootObject = 1D8B57001D08606F00615DE0 /* Project object */;
}
